
Microsoft Visual Studio Solution File, Format Version 12.00
# Visual Studio Version 17
VisualStudioVersion = 17.11.35222.181
MinimumVisualStudioVersion = 10.0.40219.1
Project("{FAE04EC0-301F-11D3-BF4B-00C04F79EFBC}") = "DungeonPicker", "DungeonPicker\DungeonPicker.csproj", "{D72B3AEA-CD66-434F-8214-C8623C8DFD20}"
EndProject
Global
	GlobalSection(SolutionConfigurationPlatforms) = preSolution
		Debug|Any CPU = Debug|Any CPU
		Release|Any CPU = Release|Any CPU
	EndGlobalSection
	GlobalSection(ProjectConfigurationPlatforms) = postSolution
		{D72B3AEA-CD66-434F-8214-C8623C8DFD20}.Debug|Any CPU.ActiveCfg = Debug|Any CPU
		{D72B3AEA-CD66-434F-8214-C8623C8DFD20}.Debug|Any CPU.Build.0 = Debug|Any CPU
		{D72B3AEA-CD66-434F-8214-C8623C8DFD20}.Release|Any CPU.ActiveCfg = Release|Any CPU
		{D72B3AEA-CD66-434F-8214-C8623C8DFD20}.Release|Any CPU.Build.0 = Release|Any CPU
	EndGlobalSection
	GlobalSection(SolutionProperties) = preSolution
		HideSolutionNode = FALSE
	EndGlobalSection
	GlobalSection(ExtensibilityGlobals) = postSolution
		SolutionGuid = {9D39535D-6570-4B84-AC7B-425B702EC3BC}
	EndGlobalSection
EndGlobal
